
Microsoft Visual Studio Solution File, Format Version 12.00
# Visual Studio Version 16
VisualStudioVersion = 16.0.30330.147
MinimumVisualStudioVersion = 10.0.40219.1
Project("{9A19103F-16F7-4668-BE54-9A1E7A4F7556}") = "StoreExercice", "StoreExercice.csproj", "{B242807C-B593-4936-818E-FB9A8A4E8FE8}"
EndProject
Global
	GlobalSection(SolutionConfigurationPlatforms) = preSolution
		Debug|Any CPU = Debug|Any CPU
		Release|Any CPU = Release|Any CPU
	EndGlobalSection
	GlobalSection(ProjectConfigurationPlatforms) = postSolution
		{B242807C-B593-4936-818E-FB9A8A4E8FE8}.Debug|Any CPU.ActiveCfg = Debug|Any CPU
		{B242807C-B593-4936-818E-FB9A8A4E8FE8}.Debug|Any CPU.Build.0 = Debug|Any CPU
		{B242807C-B593-4936-818E-FB9A8A4E8FE8}.Release|Any CPU.ActiveCfg = Release|Any CPU
		{B242807C-B593-4936-818E-FB9A8A4E8FE8}.Release|Any CPU.Build.0 = Release|Any CPU
	EndGlobalSection
	GlobalSection(SolutionProperties) = preSolution
		HideSolutionNode = FALSE
	EndGlobalSection
	GlobalSection(ExtensibilityGlobals) = postSolution
		SolutionGuid = {0E21DB4F-8FF9-4B57-A77B-B17B68827BEC}
	EndGlobalSection
EndGlobal
