
Microsoft Visual Studio Solution File, Format Version 12.00
# Visual Studio Version 16
VisualStudioVersion = 16.0.30413.136
MinimumVisualStudioVersion = 10.0.40219.1
Project("{9A19103F-16F7-4668-BE54-9A1E7A4F7556}") = "Tema2", "Tema2.csproj", "{AB8F2CAA-058D-4D7E-9E56-BEE015E9DB32}"
EndProject
Project("{FAE04EC0-301F-11D3-BF4B-00C04F79EFBC}") = "Ex5", "..\Ex5\Ex5.csproj", "{A65A4458-C0F0-41FC-A9FF-DB28B3D7459B}"
EndProject
Global
	GlobalSection(SolutionConfigurationPlatforms) = preSolution
		Debug|Any CPU = Debug|Any CPU
		Release|Any CPU = Release|Any CPU
	EndGlobalSection
	GlobalSection(ProjectConfigurationPlatforms) = postSolution
		{AB8F2CAA-058D-4D7E-9E56-BEE015E9DB32}.Debug|Any CPU.ActiveCfg = Debug|Any CPU
		{AB8F2CAA-058D-4D7E-9E56-BEE015E9DB32}.Debug|Any CPU.Build.0 = Debug|Any CPU
		{AB8F2CAA-058D-4D7E-9E56-BEE015E9DB32}.Release|Any CPU.ActiveCfg = Release|Any CPU
		{AB8F2CAA-058D-4D7E-9E56-BEE015E9DB32}.Release|Any CPU.Build.0 = Release|Any CPU
		{A65A4458-C0F0-41FC-A9FF-DB28B3D7459B}.Debug|Any CPU.ActiveCfg = Debug|Any CPU
		{A65A4458-C0F0-41FC-A9FF-DB28B3D7459B}.Debug|Any CPU.Build.0 = Debug|Any CPU
		{A65A4458-C0F0-41FC-A9FF-DB28B3D7459B}.Release|Any CPU.ActiveCfg = Release|Any CPU
		{A65A4458-C0F0-41FC-A9FF-DB28B3D7459B}.Release|Any CPU.Build.0 = Release|Any CPU
	EndGlobalSection
	GlobalSection(SolutionProperties) = preSolution
		HideSolutionNode = FALSE
	EndGlobalSection
	GlobalSection(ExtensibilityGlobals) = postSolution
		SolutionGuid = {24AE9C1B-4137-4FA7-A8E3-A4BB70805CBD}
	EndGlobalSection
EndGlobal
