
Microsoft Visual Studio Solution File, Format Version 12.00
# Visual Studio Version 16
VisualStudioVersion = 16.0.30320.27
MinimumVisualStudioVersion = 10.0.40219.1
Project("{FAE04EC0-301F-11D3-BF4B-00C04F79EFBC}") = "Curs", "Curs.csproj", "{8BE3B10D-DDAB-4E27-8CFD-D9B1A9332599}"
EndProject
Global
	GlobalSection(SolutionConfigurationPlatforms) = preSolution
		Debug|Any CPU = Debug|Any CPU
		Release|Any CPU = Release|Any CPU
	EndGlobalSection
	GlobalSection(ProjectConfigurationPlatforms) = postSolution
		{8BE3B10D-DDAB-4E27-8CFD-D9B1A9332599}.Debug|Any CPU.ActiveCfg = Debug|Any CPU
		{8BE3B10D-DDAB-4E27-8CFD-D9B1A9332599}.Debug|Any CPU.Build.0 = Debug|Any CPU
		{8BE3B10D-DDAB-4E27-8CFD-D9B1A9332599}.Release|Any CPU.ActiveCfg = Release|Any CPU
		{8BE3B10D-DDAB-4E27-8CFD-D9B1A9332599}.Release|Any CPU.Build.0 = Release|Any CPU
	EndGlobalSection
	GlobalSection(SolutionProperties) = preSolution
		HideSolutionNode = FALSE
	EndGlobalSection
	GlobalSection(ExtensibilityGlobals) = postSolution
		SolutionGuid = {54D83FDF-C547-4366-BB0F-C2BD6CA5695D}
	EndGlobalSection
EndGlobal
